{
  "name": "bhargava-family-app-infrastructure",
  "lockfileVersion": 3,
  "requires": true,
  "packages": {
    "": {
      "name": "bhargava-family-app-infrastructure",
      "devDependencies": {
        "deno": "^2.9.2",
        "supabase": "^2.40.0"
      }
    },
    "node_modules/@deno/darwin-arm64": {
      "version": "2.9.2",
      "resolved": "https://ms-feed-12.pkgs.visualstudio.com/1es-public/_packaging/npm-public/npm/registry/@deno/darwin-arm64/-/darwin-arm64-2.9.2.tgz",
      "integrity": "sha1-hIPRMisW/yChRk8XhbLSNQLMwgk=",
      "cpu": [
        "arm64"
      ],
      "dev": true,
      "license": "MIT",
      "optional": true,
      "os": [
        "darwin"
      ]
    },
    "node_modules/@deno/darwin-x64": {
      "version": "2.9.2",
      "resolved": "https://ms-feed-2.pkgs.visualstudio.com/1es-public/_packaging/npm-public/npm/registry/@deno/darwin-x64/-/darwin-x64-2.9.2.tgz",
      "integrity": "sha1-juW+fCKknqoQsYvNk4FlVF9xzzo=",
      "cpu": [
        "x64"
      ],
      "dev": true,
      "license": "MIT",
      "optional": true,
      "os": [
        "darwin"
      ]
    },
    "node_modules/@deno/linux-arm64-glibc": {
      "version": "2.9.2",
      "resolved": "https://ms-feed-2.pkgs.visualstudio.com/1es-public/_packaging/npm-public/npm/registry/@deno/linux-arm64-glibc/-/linux-arm64-glibc-2.9.2.tgz",
      "integrity": "sha1-FoolzFHAe2vQEH/RFeSGIav3Dno=",
      "cpu": [
        "arm64"
      ],
      "dev": true,
      "license": "MIT",
      "optional": true,
      "os": [
        "linux"
      ]
    },
    "node_modules/@deno/linux-x64-glibc": {
      "version": "2.9.2",
      "resolved": "https://ms-feed-12.pkgs.visualstudio.com/1es-public/_packaging/npm-public/npm/registry/@deno/linux-x64-glibc/-/linux-x64-glibc-2.9.2.tgz",
      "integrity": "sha1-p+iI1m8QYhVXaiM77cEGLI246fk=",
      "cpu": [
        "x64"
      ],
      "dev": true,
      "license": "MIT",
      "optional": true,
      "os": [
        "linux"
      ]
    },
    "node_modules/@deno/win32-arm64": {
      "version": "2.9.2",
      "resolved": "https://ms-feed-12.pkgs.visualstudio.com/1es-public/_packaging/npm-public/npm/registry/@deno/win32-arm64/-/win32-arm64-2.9.2.tgz",
      "integrity": "sha1-PDgH5RIXD3ehoHY58Um+pQ5S1Gc=",
      "cpu": [
        "arm64"
      ],
      "dev": true,
      "license": "MIT",
      "optional": true,
      "os": [
        "win32"
      ]
    },
    "node_modules/@deno/win32-x64": {
      "version": "2.9.2",
      "resolved": "https://ms-feed-25.pkgs.visualstudio.com/1es-public/_packaging/npm-public/npm/registry/@deno/win32-x64/-/win32-x64-2.9.2.tgz",
      "integrity": "sha1-ek/GhPjYWE/uNuNcv2RlLalsjUc=",
      "cpu": [
        "x64"
      ],
      "dev": true,
      "license": "MIT",
      "optional": true,
      "os": [
        "win32"
      ]
    },
    "node_modules/@ecies/ciphers": {
      "version": "0.2.6",
      "resolved": "https://ms-feed-2.pkgs.visualstudio.com/1es-public/_packaging/npm-public/npm/registry/@ecies/ciphers/-/ciphers-0.2.6.tgz",
      "integrity": "sha1-583EaI3jwiTgPUeeMie87ORMvqs=",
      "dev": true,
      "license": "MIT",
      "engines": {
        "bun": ">=1",
        "deno": ">=2.7.10",
        "node": ">=16"
      },
      "peerDependencies": {
        "@noble/ciphers": "^1.0.0"
      }
    },
    "node_modules/@noble/ciphers": {
      "version": "1.3.0",
      "resolved": "https://ms-feed-12.pkgs.visualstudio.com/1es-public/_packaging/npm-public/npm/registry/@noble/ciphers/-/ciphers-1.3.0.tgz",
      "integrity": "sha1-9kuP+IbCQOZE5Vc8CX+G5bQ2dtw=",
      "dev": true,
      "license": "MIT",
      "engines": {
        "node": "^14.21.3 || >=16"
      },
      "funding": {
        "url": "https://paulmillr.com/funding/"
      }
    },
    "node_modules/@noble/curves": {
      "version": "1.9.7",
      "resolved": "https://ms-feed-12.pkgs.visualstudio.com/1es-public/_packaging/npm-public/npm/registry/@noble/curves/-/curves-1.9.7.tgz",
      "integrity": "sha1-edBLR1ikPkvKLL3GLndxNS+muVE=",
      "dev": true,
      "license": "MIT",
      "dependencies": {
        "@noble/hashes": "1.8.0"
      },
      "engines": {
        "node": "^14.21.3 || >=16"
      },
      "funding": {
        "url": "https://paulmillr.com/funding/"
      }
    },
    "node_modules/@noble/hashes": {
      "version": "1.8.0",
      "resolved": "https://ms-feed-2.pkgs.visualstudio.com/1es-public/_packaging/npm-public/npm/registry/@noble/hashes/-/hashes-1.8.0.tgz",
      "integrity": "sha1-zuQ9gB/O+WRLEbgZSFdpWs1fgVo=",
      "dev": true,
      "license": "MIT",
      "engines": {
        "node": "^14.21.3 || >=16"
      },
      "funding": {
        "url": "https://paulmillr.com/funding/"
      }
    },
    "node_modules/@supabase/cli-darwin-arm64": {
      "version": "2.109.1",
      "resolved": "https://ms-feed-2.pkgs.visualstudio.com/1es-public/_packaging/npm-public/npm/registry/@supabase/cli-darwin-arm64/-/cli-darwin-arm64-2.109.1.tgz",
      "integrity": "sha1-PUFCCu9USh6Eg4Ka+G4f2uckXFE=",
      "cpu": [
        "arm64"
      ],
      "dev": true,
      "license": "MIT",
      "optional": true,
      "os": [
        "darwin"
      ]
    },
    "node_modules/@supabase/cli-darwin-x64": {
      "version": "2.109.1",
      "resolved": "https://ms-feed-12.pkgs.visualstudio.com/1es-public/_packaging/npm-public/npm/registry/@supabase/cli-darwin-x64/-/cli-darwin-x64-2.109.1.tgz",
      "integrity": "sha1-UgwGP88xgQwzrsdC0iRWe2Pr8wg=",
      "cpu": [
        "x64"
      ],
      "dev": true,
      "license": "MIT",
      "optional": true,
      "os": [
        "darwin"
      ]
    },
    "node_modules/@supabase/cli-linux-arm64": {
      "version": "2.109.1",
      "resolved": "https://ms-feed-25.pkgs.visualstudio.com/1es-public/_packaging/npm-public/npm/registry/@supabase/cli-linux-arm64/-/cli-linux-arm64-2.109.1.tgz",
      "integrity": "sha1-Lp6+HBiw7z06ySDZYG6Q5fi4Cj4=",
      "cpu": [
        "arm64"
      ],
      "dev": true,
      "license": "MIT",
      "optional": true,
      "os": [
        "linux"
      ]
    },
    "node_modules/@supabase/cli-linux-arm64-musl": {
      "version": "2.109.1",
      "resolved": "https://ms-feed-12.pkgs.visualstudio.com/1es-public/_packaging/npm-public/npm/registry/@supabase/cli-linux-arm64-musl/-/cli-linux-arm64-musl-2.109.1.tgz",
      "integrity": "sha1-KUzrTQboDE4uIAqxE1is18Tuvgg=",
      "cpu": [
        "arm64"
      ],
      "dev": true,
      "license": "MIT",
      "optional": true,
      "os": [
        "linux"
      ]
    },
    "node_modules/@supabase/cli-linux-x64": {
      "version": "2.109.1",
      "resolved": "https://ms-feed-2.pkgs.visualstudio.com/1es-public/_packaging/npm-public/npm/registry/@supabase/cli-linux-x64/-/cli-linux-x64-2.109.1.tgz",
      "integrity": "sha1-Fc3HohH5tLDyf5rl3tvkiiq0WyM=",
      "cpu": [
        "x64"
      ],
      "dev": true,
      "license": "MIT",
      "optional": true,
      "os": [
        "linux"
      ]
    },
    "node_modules/@supabase/cli-linux-x64-musl": {
      "version": "2.109.1",
      "resolved": "https://ms-feed-2.pkgs.visualstudio.com/1es-public/_packaging/npm-public/npm/registry/@supabase/cli-linux-x64-musl/-/cli-linux-x64-musl-2.109.1.tgz",
      "integrity": "sha1-JSC/P/6ORDYl4dvtp9BoS1hBM7w=",
      "cpu": [
        "x64"
      ],
      "dev": true,
      "license": "MIT",
      "optional": true,
      "os": [
        "linux"
      ]
    },
    "node_modules/@supabase/cli-windows-arm64": {
      "version": "2.109.1",
      "resolved": "https://ms-feed-12.pkgs.visualstudio.com/1es-public/_packaging/npm-public/npm/registry/@supabase/cli-windows-arm64/-/cli-windows-arm64-2.109.1.tgz",
      "integrity": "sha1-pu8XVCjk0VMLFs9mdr+hEaLFr38=",
      "cpu": [
        "arm64"
      ],
      "dev": true,
      "license": "MIT",
      "optional": true,
      "os": [
        "win32"
      ]
    },
    "node_modules/@supabase/cli-windows-x64": {
      "version": "2.109.1",
      "resolved": "https://ms-feed-12.pkgs.visualstudio.com/1es-public/_packaging/npm-public/npm/registry/@supabase/cli-windows-x64/-/cli-windows-x64-2.109.1.tgz",
      "integrity": "sha1-cvXqG1+u4PDg6bFZ5hih9clmDM4=",
      "cpu": [
        "x64"
      ],
      "dev": true,
      "license": "MIT",
      "optional": true,
      "os": [
        "win32"
      ]
    },
    "node_modules/deno": {
      "version": "2.9.2",
      "resolved": "https://ms-feed-12.pkgs.visualstudio.com/1es-public/_packaging/npm-public/npm/registry/deno/-/deno-2.9.2.tgz",
      "integrity": "sha1-Ajy2q1v6ZzpJW3kh955Xi+5JZds=",
      "dev": true,
      "hasInstallScript": true,
      "license": "MIT",
      "bin": {
        "deno": "bin.cjs"
      },
      "optionalDependencies": {
        "@deno/darwin-arm64": "2.9.2",
        "@deno/darwin-x64": "2.9.2",
        "@deno/linux-arm64-glibc": "2.9.2",
        "@deno/linux-x64-glibc": "2.9.2",
        "@deno/win32-arm64": "2.9.2",
        "@deno/win32-x64": "2.9.2"
      }
    },
    "node_modules/eciesjs": {
      "version": "0.5.0",
      "resolved": "https://ms-feed-2.pkgs.visualstudio.com/1es-public/_packaging/npm-public/npm/registry/eciesjs/-/eciesjs-0.5.0.tgz",
      "integrity": "sha1-ARkXAGNOwP3AklBT3zvH4DWTYcE=",
      "dev": true,
      "license": "MIT",
      "dependencies": {
        "@ecies/ciphers": "^0.2.6",
        "@noble/ciphers": "^1.3.0",
        "@noble/curves": "^1.9.7",
        "@noble/hashes": "^1.8.0"
      },
      "engines": {
        "bun": ">=1",
        "deno": ">=2.7.10",
        "node": ">=16"
      }
    },
    "node_modules/jose": {
      "version": "6.2.3",
      "resolved": "https://ms-feed-25.pkgs.visualstudio.com/1es-public/_packaging/npm-public/npm/registry/jose/-/jose-6.2.3.tgz",
      "integrity": "sha1-CXUZetlzJRIhxlijzdxLlRolDC0=",
      "dev": true,
      "license": "MIT",
      "funding": {
        "url": "https://github.com/sponsors/panva"
      }
    },
    "node_modules/supabase": {
      "version": "2.109.1",
      "resolved": "https://ms-feed-25.pkgs.visualstudio.com/1es-public/_packaging/npm-public/npm/registry/supabase/-/supabase-2.109.1.tgz",
      "integrity": "sha1-AeJhWThrppz90Ehpgjtioq1DwtY=",
      "dev": true,
      "license": "MIT",
      "dependencies": {
        "eciesjs": "^0.5.0",
        "jose": "^6.2.3"
      },
      "bin": {
        "supabase": "dist/supabase.js"
      },
      "optionalDependencies": {
        "@supabase/cli-darwin-arm64": "2.109.1",
        "@supabase/cli-darwin-x64": "2.109.1",
        "@supabase/cli-linux-arm64": "2.109.1",
        "@supabase/cli-linux-arm64-musl": "2.109.1",
        "@supabase/cli-linux-x64": "2.109.1",
        "@supabase/cli-linux-x64-musl": "2.109.1",
        "@supabase/cli-windows-arm64": "2.109.1",
        "@supabase/cli-windows-x64": "2.109.1"
      }
    }
  }
}
